
Microsoft Visual Studio Solution File, Format Version 12.00
# Visual Studio Version 16
VisualStudioVersion = 16.0.30114.105
MinimumVisualStudioVersion = 10.0.40219.1
Project("{FAE04EC0-301F-11D3-BF4B-00C04F79EFBC}") = "OverwatchCharacters.ConsoleApp", "OverwatchCharacters.ConsoleApp\OverwatchCharacters.ConsoleApp.csproj", "{45FA7FC7-3488-4437-95AD-4F45FCF8DD25}"
EndProject
Project("{FAE04EC0-301F-11D3-BF4B-00C04F79EFBC}") = "OverwatchCharacters.Repository", "OverwatchCharacters.Repository\OverwatchCharacters.Repository.csproj", "{D37CE853-7B09-4D78-A742-502D9FBFE9D2}"
EndProject
Global
	GlobalSection(SolutionConfigurationPlatforms) = preSolution
		Debug|Any CPU = Debug|Any CPU
		Release|Any CPU = Release|Any CPU
	EndGlobalSection
	GlobalSection(SolutionProperties) = preSolution
		HideSolutionNode = FALSE
	EndGlobalSection
	GlobalSection(ProjectConfigurationPlatforms) = postSolution
		{45FA7FC7-3488-4437-95AD-4F45FCF8DD25}.Debug|Any CPU.ActiveCfg = Debug|Any CPU
		{45FA7FC7-3488-4437-95AD-4F45FCF8DD25}.Debug|Any CPU.Build.0 = Debug|Any CPU
		{45FA7FC7-3488-4437-95AD-4F45FCF8DD25}.Release|Any CPU.ActiveCfg = Release|Any CPU
		{45FA7FC7-3488-4437-95AD-4F45FCF8DD25}.Release|Any CPU.Build.0 = Release|Any CPU
		{D37CE853-7B09-4D78-A742-502D9FBFE9D2}.Debug|Any CPU.ActiveCfg = Debug|Any CPU
		{D37CE853-7B09-4D78-A742-502D9FBFE9D2}.Debug|Any CPU.Build.0 = Debug|Any CPU
		{D37CE853-7B09-4D78-A742-502D9FBFE9D2}.Release|Any CPU.ActiveCfg = Release|Any CPU
		{D37CE853-7B09-4D78-A742-502D9FBFE9D2}.Release|Any CPU.Build.0 = Release|Any CPU
	EndGlobalSection
EndGlobal
